<?xml version="1.0" encoding="utf-8"?>
<Project ToolsVersion="4.0" xmlns="http://schemas.microsoft.com/developer/msbuild/2003">
  <ItemGroup>
    <Filter Include="Source Files">
      <UniqueIdentifier>{4FC737F1-C7A5-4376-A066-2A32D752A2FF}</UniqueIdentifier>
      <Extensions>cpp;c;cc;cxx;def;odl;idl;hpj;bat;asm;asmx</Extensions>
    </Filter>
    <Filter Include="Header Files">
      <UniqueIdentifier>{93995380-89BD-4b04-88EB-625FBE52EBFB}</UniqueIdentifier>
      <Extensions>h;hh;hpp;hxx;hm;inl;inc;xsd</Extensions>
    </Filter>
    <Filter Include="Resource Files">
      <UniqueIdentifier>{67DA6AB6-F800-4c08-8B7A-83BB121AAD01}</UniqueIdentifier>
      <Extensions>rc;ico;cur;bmp;dlg;rc2;rct;bin;rgs;gif;jpg;jpeg;jpe;resx;tiff;tif;png;wav;mfcribbon-ms</Extensions>
    </Filter>
    <Filter Include="Form Files">
      <UniqueIdentifier>{99349809-55BA-4b9d-BF79-8FDBB0286EB3}</UniqueIdentifier>
      <Extensions>ui</Extensions>
    </Filter>
    <Filter Include="Resource Files">
      <UniqueIdentifier>{D9D6E242-F8AF-46E4-B9FD-80ECBC20BA3E}</UniqueIdentifier>
      <Extensions>qrc;*</Extensions>
      <ParseFiles>false</ParseFiles>
    </Filter>
    <Filter Include="Shaders">
      <UniqueIdentifier>{4fc95f27-6a2d-411c-a340-b45c3f8676d6}</UniqueIdentifier>
    </Filter>
    <Filter Include="Components">
      <UniqueIdentifier>{b16cd0ad-2d15-4b7a-8dd5-55637553e070}</UniqueIdentifier>
    </Filter>
    <Filter Include="Systems">
      <UniqueIdentifier>{1a32306f-1b12-4b8e-9b9d-7b3d68e62d06}</UniqueIdentifier>
    </Filter>
  </ItemGroup>
  <ItemGroup>
    <QtRcc Include="QtWidgetsApplication1.qrc">
      <Filter>Resource Files</Filter>
    </QtRcc>
    <QtUic Include="QtWidgetsApplication1.ui">
      <Filter>Resource Files</Filter>
    </QtUic>
    <QtMoc Include="QtWidgetsApplication1.h">
      <Filter>Header Files</Filter>
    </QtMoc>
    <ClCompile Include="QtWidgetsApplication1.cpp">
      <Filter>Source Files</Filter>
    </ClCompile>
  </ItemGroup>
  <ItemGroup>
    <ClCompile Include="main.cpp">
      <Filter>Source Files</Filter>
    </ClCompile>
    <ClCompile Include="OpenglCustomWidget.cpp">
      <Filter>Source Files</Filter>
    </ClCompile>
  </ItemGroup>
  <ItemGroup>
    <ClInclude Include="OpenglCustomWidget.h">
      <Filter>Header Files</Filter>
    </ClInclude>
    <ClInclude Include="Transofrm.h">
      <Filter>Components</Filter>
    </ClInclude>
    <ClInclude Include="TransformMatrix.h">
      <Filter>Components</Filter>
    </ClInclude>
    <ClInclude Include="Vertex.h">
      <Filter>Components</Filter>
    </ClInclude>
    <ClInclude Include="Mesh.h">
      <Filter>Components</Filter>
    </ClInclude>
    <ClInclude Include="CameraMatrices.h">
      <Filter>Components</Filter>
    </ClInclude>
    <ClInclude Include="CameraFrustum.h">
      <Filter>Components</Filter>
    </ClInclude>
    <ClInclude Include="GLMeshRendererSystem.h">
      <Filter>Systems</Filter>
    </ClInclude>
    <ClInclude Include="GLCameraRendererSystem.h">
      <Filter>Systems</Filter>
    </ClInclude>
  </ItemGroup>
  <ItemGroup>
    <None Include="vertex.vert">
      <Filter>Shaders</Filter>
    </None>
    <None Include="fragment.frag">
      <Filter>Shaders</Filter>
    </None>
  </ItemGroup>
</Project>